
Microsoft Visual Studio Solution File, Format Version 12.00
# Visual Studio 15
Project("{FAE04EC0-301F-11D3-BF4B-00C04F79EFBC}") = "Assembly-CSharp", "Assembly-CSharp.csproj", "{A6B9930B-BBB2-7DE9-D772-265E8DB7B880}"
EndProject
Global
	GlobalSection(SolutionConfigurationPlatforms) = preSolution
		Debug|Any CPU = Debug|Any CPU
		Release|Any CPU = Release|Any CPU
	EndGlobalSection
	GlobalSection(ProjectConfigurationPlatforms) = postSolution
		{A6B9930B-BBB2-7DE9-D772-265E8DB7B880}.Debug|Any CPU.ActiveCfg = Debug|Any CPU
		{A6B9930B-BBB2-7DE9-D772-265E8DB7B880}.Debug|Any CPU.Build.0 = Debug|Any CPU
		{A6B9930B-BBB2-7DE9-D772-265E8DB7B880}.Release|Any CPU.ActiveCfg = Release|Any CPU
		{A6B9930B-BBB2-7DE9-D772-265E8DB7B880}.Release|Any CPU.Build.0 = Release|Any CPU
	EndGlobalSection
	GlobalSection(SolutionProperties) = preSolution
		HideSolutionNode = FALSE
	EndGlobalSection
	GlobalSection(MonoDevelopProperties) = preSolution
		StartupItem = Assembly-CSharp.csproj
	EndGlobalSection
EndGlobal
